
Microsoft Visual Studio Solution File, Format Version 12.00
# Visual Studio Version 17
VisualStudioVersion = 17.4.34031.109
MinimumVisualStudioVersion = 10.0.40219.1
Project("{FAE04EC0-301F-11D3-BF4B-00C04F79EFBC}") = "BattleOfHeroes", "BattleOfHeroes\BattleOfHeroes.csproj", "{5F5047E8-10E3-413B-8D65-5F5138845ADE}"
EndProject
Project("{FAE04EC0-301F-11D3-BF4B-00C04F79EFBC}") = "Heroes", "Heroes\Heroes.csproj", "{0397485D-051D-485A-8B2D-E0AB4C72BA54}"
EndProject
Project("{FAE04EC0-301F-11D3-BF4B-00C04F79EFBC}") = "GeneratorForHeroes", "GeneratorForHeroes\GeneratorForHeroes.csproj", "{038EA58A-056A-4D9F-AA86-6D95C3DE367D}"
EndProject
Project("{FAE04EC0-301F-11D3-BF4B-00C04F79EFBC}") = "Matches", "Matches\Matches.csproj", "{FBE75B6E-46BA-49B2-A2C9-BDB3A93F69BC}"
EndProject
Project("{FAE04EC0-301F-11D3-BF4B-00C04F79EFBC}") = "MatchManager", "MatchManager\MatchManager.csproj", "{ADE9A4DE-0191-4971-B11C-5E056F21F5F0}"
EndProject
Global
	GlobalSection(SolutionConfigurationPlatforms) = preSolution
		Debug|Any CPU = Debug|Any CPU
		Release|Any CPU = Release|Any CPU
	EndGlobalSection
	GlobalSection(ProjectConfigurationPlatforms) = postSolution
		{5F5047E8-10E3-413B-8D65-5F5138845ADE}.Debug|Any CPU.ActiveCfg = Debug|Any CPU
		{5F5047E8-10E3-413B-8D65-5F5138845ADE}.Debug|Any CPU.Build.0 = Debug|Any CPU
		{5F5047E8-10E3-413B-8D65-5F5138845ADE}.Release|Any CPU.ActiveCfg = Release|Any CPU
		{5F5047E8-10E3-413B-8D65-5F5138845ADE}.Release|Any CPU.Build.0 = Release|Any CPU
		{0397485D-051D-485A-8B2D-E0AB4C72BA54}.Debug|Any CPU.ActiveCfg = Debug|Any CPU
		{0397485D-051D-485A-8B2D-E0AB4C72BA54}.Debug|Any CPU.Build.0 = Debug|Any CPU
		{0397485D-051D-485A-8B2D-E0AB4C72BA54}.Release|Any CPU.ActiveCfg = Release|Any CPU
		{0397485D-051D-485A-8B2D-E0AB4C72BA54}.Release|Any CPU.Build.0 = Release|Any CPU
		{038EA58A-056A-4D9F-AA86-6D95C3DE367D}.Debug|Any CPU.ActiveCfg = Debug|Any CPU
		{038EA58A-056A-4D9F-AA86-6D95C3DE367D}.Debug|Any CPU.Build.0 = Debug|Any CPU
		{038EA58A-056A-4D9F-AA86-6D95C3DE367D}.Release|Any CPU.ActiveCfg = Release|Any CPU
		{038EA58A-056A-4D9F-AA86-6D95C3DE367D}.Release|Any CPU.Build.0 = Release|Any CPU
		{FBE75B6E-46BA-49B2-A2C9-BDB3A93F69BC}.Debug|Any CPU.ActiveCfg = Debug|Any CPU
		{FBE75B6E-46BA-49B2-A2C9-BDB3A93F69BC}.Debug|Any CPU.Build.0 = Debug|Any CPU
		{FBE75B6E-46BA-49B2-A2C9-BDB3A93F69BC}.Release|Any CPU.ActiveCfg = Release|Any CPU
		{FBE75B6E-46BA-49B2-A2C9-BDB3A93F69BC}.Release|Any CPU.Build.0 = Release|Any CPU
		{ADE9A4DE-0191-4971-B11C-5E056F21F5F0}.Debug|Any CPU.ActiveCfg = Debug|Any CPU
		{ADE9A4DE-0191-4971-B11C-5E056F21F5F0}.Debug|Any CPU.Build.0 = Debug|Any CPU
		{ADE9A4DE-0191-4971-B11C-5E056F21F5F0}.Release|Any CPU.ActiveCfg = Release|Any CPU
		{ADE9A4DE-0191-4971-B11C-5E056F21F5F0}.Release|Any CPU.Build.0 = Release|Any CPU
	EndGlobalSection
	GlobalSection(SolutionProperties) = preSolution
		HideSolutionNode = FALSE
	EndGlobalSection
	GlobalSection(ExtensibilityGlobals) = postSolution
		SolutionGuid = {248CB3EA-301A-42EB-8815-200050DC850A}
	EndGlobalSection
EndGlobal
